
Microsoft Visual Studio Solution File, Format Version 12.00
# Visual Studio Version 16
VisualStudioVersion = 16.0.30309.148
MinimumVisualStudioVersion = 10.0.40219.1
Project("{2150E333-8FDC-42A3-9474-1A3956D46DE8}") = "src", "src", "{3599D971-CF16-4570-9DD4-2D77362E9C39}"
EndProject
Project("{2150E333-8FDC-42A3-9474-1A3956D46DE8}") = "test", "test", "{9E47A0AA-99C4-4DA0-9ABA-463B3545950F}"
EndProject
Project("{9A19103F-16F7-4668-BE54-9A1E7A4F7556}") = "NanoMessageBus.Sender", "src\NanoMessageBus.Sender\NanoMessageBus.Sender.csproj", "{2E2F3BA3-9D37-4090-8970-E97CE02911BA}"
EndProject
Project("{9A19103F-16F7-4668-BE54-9A1E7A4F7556}") = "NanoMessageBus.Extensions", "src\NanoMessageBus.Extensions\NanoMessageBus.Extensions.csproj", "{1DF8BEDE-5578-4281-8F91-454A11F98985}"
EndProject
Project("{9A19103F-16F7-4668-BE54-9A1E7A4F7556}") = "NanoMessageBus.Abstractions", "src\NanoMessageBus.Abstractions\NanoMessageBus.Abstractions.csproj", "{541E01BA-D5EB-44C3-9265-C0D21864AD13}"
EndProject
Project("{9A19103F-16F7-4668-BE54-9A1E7A4F7556}") = "NanoMessageBus.Receiver", "src\NanoMessageBus.Receiver\NanoMessageBus.Receiver.csproj", "{ABB3D56F-C666-4259-A9ED-4E1CBA43F146}"
EndProject
Project("{2150E333-8FDC-42A3-9474-1A3956D46DE8}") = "dummy", "dummy", "{6FDA9326-3C04-400A-8F75-9B03865BE6C0}"
EndProject
Project("{9A19103F-16F7-4668-BE54-9A1E7A4F7556}") = "NanoMessageBus.DummyService", "dummy\NanoMessageBus.DummyService\NanoMessageBus.DummyService.csproj", "{6342A057-0DCF-4F9C-B78F-E7D9F07A8ACC}"
EndProject
Project("{9A19103F-16F7-4668-BE54-9A1E7A4F7556}") = "NanoMessageBus.Extensions.Test", "test\NanoMessageBus.Extensions.Test\NanoMessageBus.Extensions.Test.csproj", "{B5F13CD3-98F9-49E9-A743-1DA267821C91}"
EndProject
Project("{9A19103F-16F7-4668-BE54-9A1E7A4F7556}") = "NanoMessageBus.Sender.Test", "test\NanoMessageBus.Sender.Test\NanoMessageBus.Sender.Test.csproj", "{BA9A5F29-01A7-4449-9F07-D3E0B2CCCB46}"
EndProject
Project("{9A19103F-16F7-4668-BE54-9A1E7A4F7556}") = "NanoMessageBus.Receiver.Test", "test\NanoMessageBus.Receiver.Test\NanoMessageBus.Receiver.Test.csproj", "{52862DD4-4BC4-4C29-83C1-CFA641C7741E}"
EndProject
Project("{9A19103F-16F7-4668-BE54-9A1E7A4F7556}") = "NanoMessageBus.Abstractions.Test", "test\NanoMessageBus.Abstractions.Test\NanoMessageBus.Abstractions.Test.csproj", "{BE81770C-420E-4C97-AF22-6FD5329A379A}"
EndProject
Project("{2150E333-8FDC-42A3-9474-1A3956D46DE8}") = "compressors", "compressors", "{2F6AD56B-6A68-495F-8297-44558C5EE3C7}"
EndProject
Project("{9A19103F-16F7-4668-BE54-9A1E7A4F7556}") = "NanoMessageBus.Compressor.Protobuf", "src\NanoMessageBus.Compressor.Protobuf\NanoMessageBus.Compressor.Protobuf.csproj", "{6E174745-72FE-4B0A-A744-26F99A94E1F4}"
EndProject
Project("{9A19103F-16F7-4668-BE54-9A1E7A4F7556}") = "NanoMessageBus.Compressor.Json", "src\NanoMessageBus.Compressor.Json\NanoMessageBus.Compressor.Json.csproj", "{3F6DDC33-1D5B-4943-91FF-EBC89D598BB6}"
EndProject
Project("{2150E333-8FDC-42A3-9474-1A3956D46DE8}") = "compressors", "compressors", "{178D0DD4-9FE7-4051-AF9F-F087B0198628}"
EndProject
Project("{9A19103F-16F7-4668-BE54-9A1E7A4F7556}") = "NanoMessageBus.Compressor.Json.Test", "test\NanoMessageBus.Compressor.Json.Test\NanoMessageBus.Compressor.Json.Test.csproj", "{ADA847B0-33C9-40CE-8C39-4473D553B547}"
EndProject
Project("{9A19103F-16F7-4668-BE54-9A1E7A4F7556}") = "NanoMessageBus.Compressor.DeflateJson.Test", "test\NanoMessageBus.Compressor.JsonCompressed.Test\NanoMessageBus.Compressor.DeflateJson.Test.csproj", "{6C7B773B-CB76-4EB2-8195-81ACDE6A5E69}"
EndProject
Project("{9A19103F-16F7-4668-BE54-9A1E7A4F7556}") = "NanoMessageBus.Compressor.Protobuf.Test", "test\NanoMessageBus.Compressor.Protobuf.Test\NanoMessageBus.Compressor.Protobuf.Test.csproj", "{262C398D-D97E-48C8-B556-55142753DBD9}"
EndProject
Project("{9A19103F-16F7-4668-BE54-9A1E7A4F7556}") = "NanoMessageBus.Compressor.DeflateJson", "src\NanoMessageBus.Compressor.DeflateJson\NanoMessageBus.Compressor.DeflateJson.csproj", "{E78516B4-D983-40F4-A50E-4811AC94A991}"
EndProject
Global
	GlobalSection(SolutionConfigurationPlatforms) = preSolution
		Debug|Any CPU = Debug|Any CPU
		Release|Any CPU = Release|Any CPU
	EndGlobalSection
	GlobalSection(ProjectConfigurationPlatforms) = postSolution
		{2E2F3BA3-9D37-4090-8970-E97CE02911BA}.Debug|Any CPU.ActiveCfg = Debug|Any CPU
		{2E2F3BA3-9D37-4090-8970-E97CE02911BA}.Debug|Any CPU.Build.0 = Debug|Any CPU
		{2E2F3BA3-9D37-4090-8970-E97CE02911BA}.Release|Any CPU.ActiveCfg = Release|Any CPU
		{2E2F3BA3-9D37-4090-8970-E97CE02911BA}.Release|Any CPU.Build.0 = Release|Any CPU
		{1DF8BEDE-5578-4281-8F91-454A11F98985}.Debug|Any CPU.ActiveCfg = Debug|Any CPU
		{1DF8BEDE-5578-4281-8F91-454A11F98985}.Debug|Any CPU.Build.0 = Debug|Any CPU
		{1DF8BEDE-5578-4281-8F91-454A11F98985}.Release|Any CPU.ActiveCfg = Release|Any CPU
		{1DF8BEDE-5578-4281-8F91-454A11F98985}.Release|Any CPU.Build.0 = Release|Any CPU
		{541E01BA-D5EB-44C3-9265-C0D21864AD13}.Debug|Any CPU.ActiveCfg = Debug|Any CPU
		{541E01BA-D5EB-44C3-9265-C0D21864AD13}.Debug|Any CPU.Build.0 = Debug|Any CPU
		{541E01BA-D5EB-44C3-9265-C0D21864AD13}.Release|Any CPU.ActiveCfg = Release|Any CPU
		{541E01BA-D5EB-44C3-9265-C0D21864AD13}.Release|Any CPU.Build.0 = Release|Any CPU
		{ABB3D56F-C666-4259-A9ED-4E1CBA43F146}.Debug|Any CPU.ActiveCfg = Debug|Any CPU
		{ABB3D56F-C666-4259-A9ED-4E1CBA43F146}.Debug|Any CPU.Build.0 = Debug|Any CPU
		{ABB3D56F-C666-4259-A9ED-4E1CBA43F146}.Release|Any CPU.ActiveCfg = Release|Any CPU
		{ABB3D56F-C666-4259-A9ED-4E1CBA43F146}.Release|Any CPU.Build.0 = Release|Any CPU
		{6342A057-0DCF-4F9C-B78F-E7D9F07A8ACC}.Debug|Any CPU.ActiveCfg = Debug|Any CPU
		{6342A057-0DCF-4F9C-B78F-E7D9F07A8ACC}.Debug|Any CPU.Build.0 = Debug|Any CPU
		{6342A057-0DCF-4F9C-B78F-E7D9F07A8ACC}.Release|Any CPU.ActiveCfg = Release|Any CPU
		{6342A057-0DCF-4F9C-B78F-E7D9F07A8ACC}.Release|Any CPU.Build.0 = Release|Any CPU
		{B5F13CD3-98F9-49E9-A743-1DA267821C91}.Debug|Any CPU.ActiveCfg = Debug|Any CPU
		{B5F13CD3-98F9-49E9-A743-1DA267821C91}.Debug|Any CPU.Build.0 = Debug|Any CPU
		{B5F13CD3-98F9-49E9-A743-1DA267821C91}.Release|Any CPU.ActiveCfg = Release|Any CPU
		{B5F13CD3-98F9-49E9-A743-1DA267821C91}.Release|Any CPU.Build.0 = Release|Any CPU
		{BA9A5F29-01A7-4449-9F07-D3E0B2CCCB46}.Debug|Any CPU.ActiveCfg = Debug|Any CPU
		{BA9A5F29-01A7-4449-9F07-D3E0B2CCCB46}.Debug|Any CPU.Build.0 = Debug|Any CPU
		{BA9A5F29-01A7-4449-9F07-D3E0B2CCCB46}.Release|Any CPU.ActiveCfg = Release|Any CPU
		{BA9A5F29-01A7-4449-9F07-D3E0B2CCCB46}.Release|Any CPU.Build.0 = Release|Any CPU
		{52862DD4-4BC4-4C29-83C1-CFA641C7741E}.Debug|Any CPU.ActiveCfg = Debug|Any CPU
		{52862DD4-4BC4-4C29-83C1-CFA641C7741E}.Debug|Any CPU.Build.0 = Debug|Any CPU
		{52862DD4-4BC4-4C29-83C1-CFA641C7741E}.Release|Any CPU.ActiveCfg = Release|Any CPU
		{52862DD4-4BC4-4C29-83C1-CFA641C7741E}.Release|Any CPU.Build.0 = Release|Any CPU
		{BE81770C-420E-4C97-AF22-6FD5329A379A}.Debug|Any CPU.ActiveCfg = Debug|Any CPU
		{BE81770C-420E-4C97-AF22-6FD5329A379A}.Debug|Any CPU.Build.0 = Debug|Any CPU
		{BE81770C-420E-4C97-AF22-6FD5329A379A}.Release|Any CPU.ActiveCfg = Release|Any CPU
		{BE81770C-420E-4C97-AF22-6FD5329A379A}.Release|Any CPU.Build.0 = Release|Any CPU
		{6E174745-72FE-4B0A-A744-26F99A94E1F4}.Debug|Any CPU.ActiveCfg = Debug|Any CPU
		{6E174745-72FE-4B0A-A744-26F99A94E1F4}.Debug|Any CPU.Build.0 = Debug|Any CPU
		{6E174745-72FE-4B0A-A744-26F99A94E1F4}.Release|Any CPU.ActiveCfg = Release|Any CPU
		{6E174745-72FE-4B0A-A744-26F99A94E1F4}.Release|Any CPU.Build.0 = Release|Any CPU
		{3F6DDC33-1D5B-4943-91FF-EBC89D598BB6}.Debug|Any CPU.ActiveCfg = Debug|Any CPU
		{3F6DDC33-1D5B-4943-91FF-EBC89D598BB6}.Debug|Any CPU.Build.0 = Debug|Any CPU
		{3F6DDC33-1D5B-4943-91FF-EBC89D598BB6}.Release|Any CPU.ActiveCfg = Release|Any CPU
		{3F6DDC33-1D5B-4943-91FF-EBC89D598BB6}.Release|Any CPU.Build.0 = Release|Any CPU
		{ADA847B0-33C9-40CE-8C39-4473D553B547}.Debug|Any CPU.ActiveCfg = Debug|Any CPU
		{ADA847B0-33C9-40CE-8C39-4473D553B547}.Debug|Any CPU.Build.0 = Debug|Any CPU
		{ADA847B0-33C9-40CE-8C39-4473D553B547}.Release|Any CPU.ActiveCfg = Release|Any CPU
		{ADA847B0-33C9-40CE-8C39-4473D553B547}.Release|Any CPU.Build.0 = Release|Any CPU
		{6C7B773B-CB76-4EB2-8195-81ACDE6A5E69}.Debug|Any CPU.ActiveCfg = Debug|Any CPU
		{6C7B773B-CB76-4EB2-8195-81ACDE6A5E69}.Debug|Any CPU.Build.0 = Debug|Any CPU
		{6C7B773B-CB76-4EB2-8195-81ACDE6A5E69}.Release|Any CPU.ActiveCfg = Release|Any CPU
		{6C7B773B-CB76-4EB2-8195-81ACDE6A5E69}.Release|Any CPU.Build.0 = Release|Any CPU
		{262C398D-D97E-48C8-B556-55142753DBD9}.Debug|Any CPU.ActiveCfg = Debug|Any CPU
		{262C398D-D97E-48C8-B556-55142753DBD9}.Debug|Any CPU.Build.0 = Debug|Any CPU
		{262C398D-D97E-48C8-B556-55142753DBD9}.Release|Any CPU.ActiveCfg = Release|Any CPU
		{262C398D-D97E-48C8-B556-55142753DBD9}.Release|Any CPU.Build.0 = Release|Any CPU
		{E78516B4-D983-40F4-A50E-4811AC94A991}.Debug|Any CPU.ActiveCfg = Debug|Any CPU
		{E78516B4-D983-40F4-A50E-4811AC94A991}.Debug|Any CPU.Build.0 = Debug|Any CPU
		{E78516B4-D983-40F4-A50E-4811AC94A991}.Release|Any CPU.ActiveCfg = Release|Any CPU
		{E78516B4-D983-40F4-A50E-4811AC94A991}.Release|Any CPU.Build.0 = Release|Any CPU
	EndGlobalSection
	GlobalSection(SolutionProperties) = preSolution
		HideSolutionNode = FALSE
	EndGlobalSection
	GlobalSection(NestedProjects) = preSolution
		{2E2F3BA3-9D37-4090-8970-E97CE02911BA} = {3599D971-CF16-4570-9DD4-2D77362E9C39}
		{1DF8BEDE-5578-4281-8F91-454A11F98985} = {3599D971-CF16-4570-9DD4-2D77362E9C39}
		{541E01BA-D5EB-44C3-9265-C0D21864AD13} = {3599D971-CF16-4570-9DD4-2D77362E9C39}
		{ABB3D56F-C666-4259-A9ED-4E1CBA43F146} = {3599D971-CF16-4570-9DD4-2D77362E9C39}
		{6342A057-0DCF-4F9C-B78F-E7D9F07A8ACC} = {6FDA9326-3C04-400A-8F75-9B03865BE6C0}
		{B5F13CD3-98F9-49E9-A743-1DA267821C91} = {9E47A0AA-99C4-4DA0-9ABA-463B3545950F}
		{BA9A5F29-01A7-4449-9F07-D3E0B2CCCB46} = {9E47A0AA-99C4-4DA0-9ABA-463B3545950F}
		{52862DD4-4BC4-4C29-83C1-CFA641C7741E} = {9E47A0AA-99C4-4DA0-9ABA-463B3545950F}
		{BE81770C-420E-4C97-AF22-6FD5329A379A} = {9E47A0AA-99C4-4DA0-9ABA-463B3545950F}
		{2F6AD56B-6A68-495F-8297-44558C5EE3C7} = {3599D971-CF16-4570-9DD4-2D77362E9C39}
		{6E174745-72FE-4B0A-A744-26F99A94E1F4} = {2F6AD56B-6A68-495F-8297-44558C5EE3C7}
		{3F6DDC33-1D5B-4943-91FF-EBC89D598BB6} = {2F6AD56B-6A68-495F-8297-44558C5EE3C7}
		{178D0DD4-9FE7-4051-AF9F-F087B0198628} = {9E47A0AA-99C4-4DA0-9ABA-463B3545950F}
		{ADA847B0-33C9-40CE-8C39-4473D553B547} = {178D0DD4-9FE7-4051-AF9F-F087B0198628}
		{6C7B773B-CB76-4EB2-8195-81ACDE6A5E69} = {178D0DD4-9FE7-4051-AF9F-F087B0198628}
		{262C398D-D97E-48C8-B556-55142753DBD9} = {178D0DD4-9FE7-4051-AF9F-F087B0198628}
		{E78516B4-D983-40F4-A50E-4811AC94A991} = {2F6AD56B-6A68-495F-8297-44558C5EE3C7}
	EndGlobalSection
	GlobalSection(ExtensibilityGlobals) = postSolution
		SolutionGuid = {B9E1BA46-0625-4CB1-9F9A-E2E104266091}
	EndGlobalSection
EndGlobal
