
Microsoft Visual Studio Solution File, Format Version 12.00
# Visual Studio Version 16
VisualStudioVersion = 16.0.30309.148
MinimumVisualStudioVersion = 10.0.40219.1
Project("{2150E333-8FDC-42A3-9474-1A3956D46DE8}") = "src", "src", "{3599D971-CF16-4570-9DD4-2D77362E9C39}"
EndProject
Project("{2150E333-8FDC-42A3-9474-1A3956D46DE8}") = "test", "test", "{9E47A0AA-99C4-4DA0-9ABA-463B3545950F}"
EndProject
Project("{9A19103F-16F7-4668-BE54-9A1E7A4F7556}") = "NanoMessageBus.Sender", "src\NanoMessageBus.Sender\NanoMessageBus.Sender.csproj", "{2E2F3BA3-9D37-4090-8970-E97CE02911BA}"
EndProject
Project("{9A19103F-16F7-4668-BE54-9A1E7A4F7556}") = "NanoMessageBus.Extensions", "src\NanoMessageBus.Extensions\NanoMessageBus.Extensions.csproj", "{1DF8BEDE-5578-4281-8F91-454A11F98985}"
EndProject
Project("{9A19103F-16F7-4668-BE54-9A1E7A4F7556}") = "NanoMessageBus.Abstractions", "src\NanoMessageBus.Abstractions\NanoMessageBus.Abstractions.csproj", "{541E01BA-D5EB-44C3-9265-C0D21864AD13}"
EndProject
Project("{9A19103F-16F7-4668-BE54-9A1E7A4F7556}") = "NanoMessageBus.Receiver", "src\NanoMessageBus.Receiver\NanoMessageBus.Receiver.csproj", "{ABB3D56F-C666-4259-A9ED-4E1CBA43F146}"
EndProject
Project("{2150E333-8FDC-42A3-9474-1A3956D46DE8}") = "bench", "bench", "{6FDA9326-3C04-400A-8F75-9B03865BE6C0}"
EndProject
Project("{9A19103F-16F7-4668-BE54-9A1E7A4F7556}") = "NanoMessageBus.Extensions.Test", "test\NanoMessageBus.Extensions.Test\NanoMessageBus.Extensions.Test.csproj", "{B5F13CD3-98F9-49E9-A743-1DA267821C91}"
EndProject
Project("{9A19103F-16F7-4668-BE54-9A1E7A4F7556}") = "NanoMessageBus.Sender.Test", "test\NanoMessageBus.Sender.Test\NanoMessageBus.Sender.Test.csproj", "{BA9A5F29-01A7-4449-9F07-D3E0B2CCCB46}"
EndProject
Project("{9A19103F-16F7-4668-BE54-9A1E7A4F7556}") = "NanoMessageBus.Receiver.Test", "test\NanoMessageBus.Receiver.Test\NanoMessageBus.Receiver.Test.csproj", "{52862DD4-4BC4-4C29-83C1-CFA641C7741E}"
EndProject
Project("{9A19103F-16F7-4668-BE54-9A1E7A4F7556}") = "NanoMessageBus.Abstractions.Test", "test\NanoMessageBus.Abstractions.Test\NanoMessageBus.Abstractions.Test.csproj", "{BE81770C-420E-4C97-AF22-6FD5329A379A}"
EndProject
Project("{2150E333-8FDC-42A3-9474-1A3956D46DE8}") = "serializers", "serializers", "{2F6AD56B-6A68-495F-8297-44558C5EE3C7}"
EndProject
Project("{9A19103F-16F7-4668-BE54-9A1E7A4F7556}") = "NanoMessageBus.BenchmarkService", "bench\NanoMessageBus.BenchmarkService\NanoMessageBus.BenchmarkService.csproj", "{425F6809-9970-4432-BA29-3A559A97C89E}"
EndProject
Project("{9A19103F-16F7-4668-BE54-9A1E7A4F7556}") = "NanoMessageBus.Serializers.DeflateJson", "src\serializers\NanoMessageBus.Serializers.DeflateJson\NanoMessageBus.Serializers.DeflateJson.csproj", "{527AC515-1F3D-474B-8636-D9AEF96F7278}"
EndProject
Project("{9A19103F-16F7-4668-BE54-9A1E7A4F7556}") = "NanoMessageBus.Serializers.MessagePack", "src\serializers\NanoMessageBus.Serializers.MessagePack\NanoMessageBus.Serializers.MessagePack.csproj", "{4B253BD3-C08D-4925-AB75-1D6CECF03EB3}"
EndProject
Project("{9A19103F-16F7-4668-BE54-9A1E7A4F7556}") = "NanoMessageBus.Serializers.Protobuf", "src\serializers\NanoMessageBus.Serializers.Protobuf\NanoMessageBus.Serializers.Protobuf.csproj", "{A3D93886-D77A-4D6B-AB0F-2479B266F6BE}"
EndProject
Project("{2150E333-8FDC-42A3-9474-1A3956D46DE8}") = "serializers", "serializers", "{B213EF3B-E2D5-4662-A3F8-B1C53535B5CB}"
EndProject
Project("{9A19103F-16F7-4668-BE54-9A1E7A4F7556}") = "NanoMessageBus.Serializers.DeflateJson.Test", "test\serializers\NanoMessageBus.Serializers.DeflateJson.Test\NanoMessageBus.Serializers.DeflateJson.Test.csproj", "{FE59A0EE-F0F6-4675-A680-43E92E99710C}"
EndProject
Project("{9A19103F-16F7-4668-BE54-9A1E7A4F7556}") = "NanoMessageBus.Serializers.NativeJson.Test", "test\serializers\NanoMessageBus.Serializers.NativeJson.Test\NanoMessageBus.Serializers.NativeJson.Test.csproj", "{8FEE011C-9E2C-4460-B2D0-E9D93299BA67}"
EndProject
Project("{9A19103F-16F7-4668-BE54-9A1E7A4F7556}") = "NanoMessageBus.Serializers.NativeJson", "src\serializers\NanoMessageBus.Serializers.NativeJson\NanoMessageBus.Serializers.NativeJson.csproj", "{45C1A0EE-4371-46A0-B909-B1BC69F24D9F}"
EndProject
Project("{9A19103F-16F7-4668-BE54-9A1E7A4F7556}") = "NanoMessageBus.Serializers.MessagePack.Test", "test\serializers\NanoMessageBus.Serializers.MessagePack.Test\NanoMessageBus.Serializers.MessagePack.Test.csproj", "{66D44D34-EF71-42A9-BFF6-9C8DE4120B4E}"
EndProject
Project("{9A19103F-16F7-4668-BE54-9A1E7A4F7556}") = "NanoMessageBus.Serializers.Protobuf.Test", "test\serializers\NanoMessageBus.Serializers.Protobuf.Test\NanoMessageBus.Serializers.Protobuf.Test.csproj", "{06D22653-7173-4A50-AC1F-6C68039609BF}"
EndProject
Global
	GlobalSection(SolutionConfigurationPlatforms) = preSolution
		Debug|Any CPU = Debug|Any CPU
		Release|Any CPU = Release|Any CPU
	EndGlobalSection
	GlobalSection(ProjectConfigurationPlatforms) = postSolution
		{2E2F3BA3-9D37-4090-8970-E97CE02911BA}.Debug|Any CPU.ActiveCfg = Debug|Any CPU
		{2E2F3BA3-9D37-4090-8970-E97CE02911BA}.Debug|Any CPU.Build.0 = Debug|Any CPU
		{2E2F3BA3-9D37-4090-8970-E97CE02911BA}.Release|Any CPU.ActiveCfg = Release|Any CPU
		{2E2F3BA3-9D37-4090-8970-E97CE02911BA}.Release|Any CPU.Build.0 = Release|Any CPU
		{1DF8BEDE-5578-4281-8F91-454A11F98985}.Debug|Any CPU.ActiveCfg = Debug|Any CPU
		{1DF8BEDE-5578-4281-8F91-454A11F98985}.Debug|Any CPU.Build.0 = Debug|Any CPU
		{1DF8BEDE-5578-4281-8F91-454A11F98985}.Release|Any CPU.ActiveCfg = Release|Any CPU
		{1DF8BEDE-5578-4281-8F91-454A11F98985}.Release|Any CPU.Build.0 = Release|Any CPU
		{541E01BA-D5EB-44C3-9265-C0D21864AD13}.Debug|Any CPU.ActiveCfg = Debug|Any CPU
		{541E01BA-D5EB-44C3-9265-C0D21864AD13}.Debug|Any CPU.Build.0 = Debug|Any CPU
		{541E01BA-D5EB-44C3-9265-C0D21864AD13}.Release|Any CPU.ActiveCfg = Release|Any CPU
		{541E01BA-D5EB-44C3-9265-C0D21864AD13}.Release|Any CPU.Build.0 = Release|Any CPU
		{ABB3D56F-C666-4259-A9ED-4E1CBA43F146}.Debug|Any CPU.ActiveCfg = Debug|Any CPU
		{ABB3D56F-C666-4259-A9ED-4E1CBA43F146}.Debug|Any CPU.Build.0 = Debug|Any CPU
		{ABB3D56F-C666-4259-A9ED-4E1CBA43F146}.Release|Any CPU.ActiveCfg = Release|Any CPU
		{ABB3D56F-C666-4259-A9ED-4E1CBA43F146}.Release|Any CPU.Build.0 = Release|Any CPU
		{B5F13CD3-98F9-49E9-A743-1DA267821C91}.Debug|Any CPU.ActiveCfg = Debug|Any CPU
		{B5F13CD3-98F9-49E9-A743-1DA267821C91}.Debug|Any CPU.Build.0 = Debug|Any CPU
		{B5F13CD3-98F9-49E9-A743-1DA267821C91}.Release|Any CPU.ActiveCfg = Release|Any CPU
		{B5F13CD3-98F9-49E9-A743-1DA267821C91}.Release|Any CPU.Build.0 = Release|Any CPU
		{BA9A5F29-01A7-4449-9F07-D3E0B2CCCB46}.Debug|Any CPU.ActiveCfg = Debug|Any CPU
		{BA9A5F29-01A7-4449-9F07-D3E0B2CCCB46}.Debug|Any CPU.Build.0 = Debug|Any CPU
		{BA9A5F29-01A7-4449-9F07-D3E0B2CCCB46}.Release|Any CPU.ActiveCfg = Release|Any CPU
		{BA9A5F29-01A7-4449-9F07-D3E0B2CCCB46}.Release|Any CPU.Build.0 = Release|Any CPU
		{52862DD4-4BC4-4C29-83C1-CFA641C7741E}.Debug|Any CPU.ActiveCfg = Debug|Any CPU
		{52862DD4-4BC4-4C29-83C1-CFA641C7741E}.Debug|Any CPU.Build.0 = Debug|Any CPU
		{52862DD4-4BC4-4C29-83C1-CFA641C7741E}.Release|Any CPU.ActiveCfg = Release|Any CPU
		{52862DD4-4BC4-4C29-83C1-CFA641C7741E}.Release|Any CPU.Build.0 = Release|Any CPU
		{BE81770C-420E-4C97-AF22-6FD5329A379A}.Debug|Any CPU.ActiveCfg = Debug|Any CPU
		{BE81770C-420E-4C97-AF22-6FD5329A379A}.Debug|Any CPU.Build.0 = Debug|Any CPU
		{BE81770C-420E-4C97-AF22-6FD5329A379A}.Release|Any CPU.ActiveCfg = Release|Any CPU
		{BE81770C-420E-4C97-AF22-6FD5329A379A}.Release|Any CPU.Build.0 = Release|Any CPU
		{425F6809-9970-4432-BA29-3A559A97C89E}.Debug|Any CPU.ActiveCfg = Debug|Any CPU
		{425F6809-9970-4432-BA29-3A559A97C89E}.Debug|Any CPU.Build.0 = Debug|Any CPU
		{425F6809-9970-4432-BA29-3A559A97C89E}.Release|Any CPU.ActiveCfg = Release|Any CPU
		{425F6809-9970-4432-BA29-3A559A97C89E}.Release|Any CPU.Build.0 = Release|Any CPU
		{527AC515-1F3D-474B-8636-D9AEF96F7278}.Debug|Any CPU.ActiveCfg = Debug|Any CPU
		{527AC515-1F3D-474B-8636-D9AEF96F7278}.Debug|Any CPU.Build.0 = Debug|Any CPU
		{527AC515-1F3D-474B-8636-D9AEF96F7278}.Release|Any CPU.ActiveCfg = Release|Any CPU
		{527AC515-1F3D-474B-8636-D9AEF96F7278}.Release|Any CPU.Build.0 = Release|Any CPU
		{4B253BD3-C08D-4925-AB75-1D6CECF03EB3}.Debug|Any CPU.ActiveCfg = Debug|Any CPU
		{4B253BD3-C08D-4925-AB75-1D6CECF03EB3}.Debug|Any CPU.Build.0 = Debug|Any CPU
		{4B253BD3-C08D-4925-AB75-1D6CECF03EB3}.Release|Any CPU.ActiveCfg = Release|Any CPU
		{4B253BD3-C08D-4925-AB75-1D6CECF03EB3}.Release|Any CPU.Build.0 = Release|Any CPU
		{A3D93886-D77A-4D6B-AB0F-2479B266F6BE}.Debug|Any CPU.ActiveCfg = Debug|Any CPU
		{A3D93886-D77A-4D6B-AB0F-2479B266F6BE}.Debug|Any CPU.Build.0 = Debug|Any CPU
		{A3D93886-D77A-4D6B-AB0F-2479B266F6BE}.Release|Any CPU.ActiveCfg = Release|Any CPU
		{A3D93886-D77A-4D6B-AB0F-2479B266F6BE}.Release|Any CPU.Build.0 = Release|Any CPU
		{FE59A0EE-F0F6-4675-A680-43E92E99710C}.Debug|Any CPU.ActiveCfg = Debug|Any CPU
		{FE59A0EE-F0F6-4675-A680-43E92E99710C}.Debug|Any CPU.Build.0 = Debug|Any CPU
		{FE59A0EE-F0F6-4675-A680-43E92E99710C}.Release|Any CPU.ActiveCfg = Release|Any CPU
		{FE59A0EE-F0F6-4675-A680-43E92E99710C}.Release|Any CPU.Build.0 = Release|Any CPU
		{8FEE011C-9E2C-4460-B2D0-E9D93299BA67}.Debug|Any CPU.ActiveCfg = Debug|Any CPU
		{8FEE011C-9E2C-4460-B2D0-E9D93299BA67}.Debug|Any CPU.Build.0 = Debug|Any CPU
		{8FEE011C-9E2C-4460-B2D0-E9D93299BA67}.Release|Any CPU.ActiveCfg = Release|Any CPU
		{8FEE011C-9E2C-4460-B2D0-E9D93299BA67}.Release|Any CPU.Build.0 = Release|Any CPU
		{45C1A0EE-4371-46A0-B909-B1BC69F24D9F}.Debug|Any CPU.ActiveCfg = Debug|Any CPU
		{45C1A0EE-4371-46A0-B909-B1BC69F24D9F}.Debug|Any CPU.Build.0 = Debug|Any CPU
		{45C1A0EE-4371-46A0-B909-B1BC69F24D9F}.Release|Any CPU.ActiveCfg = Release|Any CPU
		{45C1A0EE-4371-46A0-B909-B1BC69F24D9F}.Release|Any CPU.Build.0 = Release|Any CPU
		{66D44D34-EF71-42A9-BFF6-9C8DE4120B4E}.Debug|Any CPU.ActiveCfg = Debug|Any CPU
		{66D44D34-EF71-42A9-BFF6-9C8DE4120B4E}.Debug|Any CPU.Build.0 = Debug|Any CPU
		{66D44D34-EF71-42A9-BFF6-9C8DE4120B4E}.Release|Any CPU.ActiveCfg = Release|Any CPU
		{66D44D34-EF71-42A9-BFF6-9C8DE4120B4E}.Release|Any CPU.Build.0 = Release|Any CPU
		{06D22653-7173-4A50-AC1F-6C68039609BF}.Debug|Any CPU.ActiveCfg = Debug|Any CPU
		{06D22653-7173-4A50-AC1F-6C68039609BF}.Debug|Any CPU.Build.0 = Debug|Any CPU
		{06D22653-7173-4A50-AC1F-6C68039609BF}.Release|Any CPU.ActiveCfg = Release|Any CPU
		{06D22653-7173-4A50-AC1F-6C68039609BF}.Release|Any CPU.Build.0 = Release|Any CPU
	EndGlobalSection
	GlobalSection(SolutionProperties) = preSolution
		HideSolutionNode = FALSE
	EndGlobalSection
	GlobalSection(NestedProjects) = preSolution
		{2E2F3BA3-9D37-4090-8970-E97CE02911BA} = {3599D971-CF16-4570-9DD4-2D77362E9C39}
		{1DF8BEDE-5578-4281-8F91-454A11F98985} = {3599D971-CF16-4570-9DD4-2D77362E9C39}
		{541E01BA-D5EB-44C3-9265-C0D21864AD13} = {3599D971-CF16-4570-9DD4-2D77362E9C39}
		{ABB3D56F-C666-4259-A9ED-4E1CBA43F146} = {3599D971-CF16-4570-9DD4-2D77362E9C39}
		{B5F13CD3-98F9-49E9-A743-1DA267821C91} = {9E47A0AA-99C4-4DA0-9ABA-463B3545950F}
		{BA9A5F29-01A7-4449-9F07-D3E0B2CCCB46} = {9E47A0AA-99C4-4DA0-9ABA-463B3545950F}
		{52862DD4-4BC4-4C29-83C1-CFA641C7741E} = {9E47A0AA-99C4-4DA0-9ABA-463B3545950F}
		{BE81770C-420E-4C97-AF22-6FD5329A379A} = {9E47A0AA-99C4-4DA0-9ABA-463B3545950F}
		{2F6AD56B-6A68-495F-8297-44558C5EE3C7} = {3599D971-CF16-4570-9DD4-2D77362E9C39}
		{425F6809-9970-4432-BA29-3A559A97C89E} = {6FDA9326-3C04-400A-8F75-9B03865BE6C0}
		{527AC515-1F3D-474B-8636-D9AEF96F7278} = {2F6AD56B-6A68-495F-8297-44558C5EE3C7}
		{4B253BD3-C08D-4925-AB75-1D6CECF03EB3} = {2F6AD56B-6A68-495F-8297-44558C5EE3C7}
		{A3D93886-D77A-4D6B-AB0F-2479B266F6BE} = {2F6AD56B-6A68-495F-8297-44558C5EE3C7}
		{B213EF3B-E2D5-4662-A3F8-B1C53535B5CB} = {9E47A0AA-99C4-4DA0-9ABA-463B3545950F}
		{FE59A0EE-F0F6-4675-A680-43E92E99710C} = {B213EF3B-E2D5-4662-A3F8-B1C53535B5CB}
		{8FEE011C-9E2C-4460-B2D0-E9D93299BA67} = {B213EF3B-E2D5-4662-A3F8-B1C53535B5CB}
		{45C1A0EE-4371-46A0-B909-B1BC69F24D9F} = {2F6AD56B-6A68-495F-8297-44558C5EE3C7}
		{66D44D34-EF71-42A9-BFF6-9C8DE4120B4E} = {B213EF3B-E2D5-4662-A3F8-B1C53535B5CB}
		{06D22653-7173-4A50-AC1F-6C68039609BF} = {B213EF3B-E2D5-4662-A3F8-B1C53535B5CB}
	EndGlobalSection
	GlobalSection(ExtensibilityGlobals) = postSolution
		SolutionGuid = {B9E1BA46-0625-4CB1-9F9A-E2E104266091}
	EndGlobalSection
EndGlobal
